
Microsoft Visual Studio Solution File, Format Version 12.00
# Visual Studio 15
VisualStudioVersion = 15.0.28307.572
MinimumVisualStudioVersion = 10.0.40219.1
Project("{FAE04EC0-301F-11D3-BF4B-00C04F79EFBC}") = "FolderEditor", "FolderEditor\FolderEditor.csproj", "{B428146E-D948-453D-B61A-E67EC2CD5E7A}"
EndProject
Global
	GlobalSection(SolutionConfigurationPlatforms) = preSolution
		Debug|Any CPU = Debug|Any CPU
		Release|Any CPU = Release|Any CPU
	EndGlobalSection
	GlobalSection(ProjectConfigurationPlatforms) = postSolution
		{B428146E-D948-453D-B61A-E67EC2CD5E7A}.Debug|Any CPU.ActiveCfg = Debug|Any CPU
		{B428146E-D948-453D-B61A-E67EC2CD5E7A}.Debug|Any CPU.Build.0 = Debug|Any CPU
		{B428146E-D948-453D-B61A-E67EC2CD5E7A}.Release|Any CPU.ActiveCfg = Release|Any CPU
		{B428146E-D948-453D-B61A-E67EC2CD5E7A}.Release|Any CPU.Build.0 = Release|Any CPU
	EndGlobalSection
	GlobalSection(SolutionProperties) = preSolution
		HideSolutionNode = FALSE
	EndGlobalSection
	GlobalSection(ExtensibilityGlobals) = postSolution
		SolutionGuid = {61CC9E20-E214-4E8A-86C5-496F9C8F8245}
	EndGlobalSection
EndGlobal
